
Microsoft Visual Studio Solution File, Format Version 12.00
# Visual Studio 14
VisualStudioVersion = 14.0.25420.1
MinimumVisualStudioVersion = 10.0.40219.1
Project("{FAE04EC0-301F-11D3-BF4B-00C04F79EFBC}") = "ExtensionMethods", "ExtensionMethod\ExtensionMethods.csproj", "{87A66B80-3DF5-4DC6-AB64-A720869CBDA3}"
EndProject
Project("{FAE04EC0-301F-11D3-BF4B-00C04F79EFBC}") = "TestExtensionMethods", "TestExtensionMethods\TestExtensionMethods.csproj", "{24F3FC1C-E1FF-4FDF-80AB-AE4030DFE485}"
EndProject
Global
	GlobalSection(SolutionConfigurationPlatforms) = preSolution
		Debug|Any CPU = Debug|Any CPU
		Release|Any CPU = Release|Any CPU
	EndGlobalSection
	GlobalSection(ProjectConfigurationPlatforms) = postSolution
		{87A66B80-3DF5-4DC6-AB64-A720869CBDA3}.Debug|Any CPU.ActiveCfg = Debug|Any CPU
		{87A66B80-3DF5-4DC6-AB64-A720869CBDA3}.Debug|Any CPU.Build.0 = Debug|Any CPU
		{87A66B80-3DF5-4DC6-AB64-A720869CBDA3}.Release|Any CPU.ActiveCfg = Release|Any CPU
		{87A66B80-3DF5-4DC6-AB64-A720869CBDA3}.Release|Any CPU.Build.0 = Release|Any CPU
		{24F3FC1C-E1FF-4FDF-80AB-AE4030DFE485}.Debug|Any CPU.ActiveCfg = Debug|Any CPU
		{24F3FC1C-E1FF-4FDF-80AB-AE4030DFE485}.Debug|Any CPU.Build.0 = Debug|Any CPU
		{24F3FC1C-E1FF-4FDF-80AB-AE4030DFE485}.Release|Any CPU.ActiveCfg = Release|Any CPU
		{24F3FC1C-E1FF-4FDF-80AB-AE4030DFE485}.Release|Any CPU.Build.0 = Release|Any CPU
	EndGlobalSection
	GlobalSection(SolutionProperties) = preSolution
		HideSolutionNode = FALSE
	EndGlobalSection
EndGlobal
